// !$*UTF8*$!
{
	archiveVersion = 1;
	classes = {
	};
	objectVersion = 56;
	objects = {

/* Begin PBXBuildFile section */
		C7F558C82C783DF90080AC68 /* Shape_ChallengeApp.swift in Sources */ = {isa = PBXBuildFile; fileRef = C7F558C72C783DF90080AC68 /* Shape_ChallengeApp.swift */; };
		C7F558CA2C783DF90080AC68 /* ContentView.swift in Sources */ = {isa = PBXBuildFile; fileRef = C7F558C92C783DF90080AC68 /* ContentView.swift */; };
		C7F558CC2C783DFA0080AC68 /* Assets.xcassets in Resources */ = {isa = PBXBuildFile; fileRef = C7F558CB2C783DFA0080AC68 /* Assets.xcassets */; };
		C7F558D02C783DFA0080AC68 /* Preview Assets.xcassets in Resources */ = {isa = PBXBuildFile; fileRef = C7F558CF2C783DFA0080AC68 /* Preview Assets.xcassets */; };
		C7F558DA2C783DFA0080AC68 /* Shape_ChallengeTests.swift in Sources */ = {isa = PBXBuildFile; fileRef = C7F558D92C783DFA0080AC68 /* Shape_ChallengeTests.swift */; };
		C7F558E42C783DFA0080AC68 /* Shape_ChallengeUITests.swift in Sources */ = {isa = PBXBuildFile; fileRef = C7F558E32C783DFA0080AC68 /* Shape_ChallengeUITests.swift */; };
		C7F558E62C783DFA0080AC68 /* Shape_ChallengeUITestsLaunchTests.swift in Sources */ = {isa = PBXBuildFile; fileRef = C7F558E52C783DFA0080AC68 /* Shape_ChallengeUITestsLaunchTests.swift */; };
/* End PBXBuildFile section */

/* Begin PBXContainerItemProxy section */
		C7F558D62C783DFA0080AC68 /* PBXContainerItemProxy */ = {
			isa = PBXContainerItemProxy;
			containerPortal = C7F558BC2C783DF90080AC68 /* Project object */;
			proxyType = 1;
			remoteGlobalIDString = C7F558C32C783DF90080AC68;
			remoteInfo = "Shape Challenge";
		};
		C7F558E02C783DFA0080AC68 /* PBXContainerItemProxy */ = {
			isa = PBXContainerItemProxy;
			containerPortal = C7F558BC2C783DF90080AC68 /* Project object */;
			proxyType = 1;
			remoteGlobalIDString = C7F558C32C783DF90080AC68;
			remoteInfo = "Shape Challenge";
		};
/* End PBXContainerItemProxy section */

/* Begin PBXFileReference section */
		C7F558C42C783DF90080AC68 /* Shape Challenge.app */ = {isa = PBXFileReference; explicitFileType = wrapper.application; includeInIndex = 0; path = "Shape Challenge.app"; sourceTree = BUILT_PRODUCTS_DIR; };
		C7F558C72C783DF90080AC68 /* Shape_ChallengeApp.swift */ = {isa = PBXFileReference; lastKnownFileType = sourcecode.swift; path = Shape_ChallengeApp.swift; sourceTree = "<group>"; };
		C7F558C92C783DF90080AC68 /* ContentView.swift */ = {isa = PBXFileReference; lastKnownFileType = sourcecode.swift; path = ContentView.swift; sourceTree = "<group>"; };
		C7F558CB2C783DFA0080AC68 /* Assets.xcassets */ = {isa = PBXFileReference; lastKnownFileType = folder.assetcatalog; path = Assets.xcassets; sourceTree = "<group>"; };
		C7F558CD2C783DFA0080AC68 /* Shape_Challenge.entitlements */ = {isa = PBXFileReference; lastKnownFileType = text.plist.entitlements; path = Shape_Challenge.entitlements; sourceTree = "<group>"; };
		C7F558CF2C783DFA0080AC68 /* Preview Assets.xcassets */ = {isa = PBXFileReference; lastKnownFileType = folder.assetcatalog; path = "Preview Assets.xcassets"; sourceTree = "<group>"; };
		C7F558D52C783DFA0080AC68 /* Shape ChallengeTests.xctest */ = {isa = PBXFileReference; explicitFileType = wrapper.cfbundle; includeInIndex = 0; path = "Shape ChallengeTests.xctest"; sourceTree = BUILT_PRODUCTS_DIR; };
		C7F558D92C783DFA0080AC68 /* Shape_ChallengeTests.swift */ = {isa = PBXFileReference; lastKnownFileType = sourcecode.swift; path = Shape_ChallengeTests.swift; sourceTree = "<group>"; };
		C7F558DF2C783DFA0080AC68 /* Shape ChallengeUITests.xctest */ = {isa = PBXFileReference; explicitFileType = wrapper.cfbundle; includeInIndex = 0; path = "Shape ChallengeUITests.xctest"; sourceTree = BUILT_PRODUCTS_DIR; };
		C7F558E32C783DFA0080AC68 /* Shape_ChallengeUITests.swift */ = {isa = PBXFileReference; lastKnownFileType = sourcecode.swift; path = Shape_ChallengeUITests.swift; sourceTree = "<group>"; };
		C7F558E52C783DFA0080AC68 /* Shape_ChallengeUITestsLaunchTests.swift */ = {isa = PBXFileReference; lastKnownFileType = sourcecode.swift; path = Shape_ChallengeUITestsLaunchTests.swift; sourceTree = "<group>"; };
/* End PBXFileReference section */

/* Begin PBXFrameworksBuildPhase section */
		C7F558C12C783DF90080AC68 /* Frameworks */ = {
			isa = PBXFrameworksBuildPhase;
			buildActionMask = 2147483647;
			files = (
			);
			runOnlyForDeploymentPostprocessing = 0;
		};
		C7F558D22C783DFA0080AC68 /* Frameworks */ = {
			isa = PBXFrameworksBuildPhase;
			buildActionMask = 2147483647;
			files = (
			);
			runOnlyForDeploymentPostprocessing = 0;
		};
		C7F558DC2C783DFA0080AC68 /* Frameworks */ = {
			isa = PBXFrameworksBuildPhase;
			buildActionMask = 2147483647;
			files = (
			);
			runOnlyForDeploymentPostprocessing = 0;
		};
/* End PBXFrameworksBuildPhase section */

/* Begin PBXGroup section */
		C7F558BB2C783DF90080AC68 = {
			isa = PBXGroup;
			children = (
				C7F558C62C783DF90080AC68 /* Shape Challenge */,
				C7F558D82C783DFA0080AC68 /* Shape ChallengeTests */,
				C7F558E22C783DFA0080AC68 /* Shape ChallengeUITests */,
				C7F558C52C783DF90080AC68 /* Products */,
			);
			sourceTree = "<group>";
		};
		C7F558C52C783DF90080AC68 /* Products */ = {
			isa = PBXGroup;
			children = (
				C7F558C42C783DF90080AC68 /* Shape Challenge.app */,
				C7F558D52C783DFA0080AC68 /* Shape ChallengeTests.xctest */,
				C7F558DF2C783DFA0080AC68 /* Shape ChallengeUITests.xctest */,
			);
			name = Products;
			sourceTree = "<group>";
		};
		C7F558C62C783DF90080AC68 /* Shape Challenge */ = {
			isa = PBXGroup;
			children = (
				C7F558C72C783DF90080AC68 /* Shape_ChallengeApp.swift */,
				C7F558C92C783DF90080AC68 /* ContentView.swift */,
				C7F558CB2C783DFA0080AC68 /* Assets.xcassets */,
				C7F558CD2C783DFA0080AC68 /* Shape_Challenge.entitlements */,
				C7F558CE2C783DFA0080AC68 /* Preview Content */,
			);
			path = "Shape Challenge";
			sourceTree = "<group>";
		};
		C7F558CE2C783DFA0080AC68 /* Preview Content */ = {
			isa = PBXGroup;
			children = (
				C7F558CF2C783DFA0080AC68 /* Preview Assets.xcassets */,
			);
			path = "Preview Content";
			sourceTree = "<group>";
		};
		C7F558D82C783DFA0080AC68 /* Shape ChallengeTests */ = {
			isa = PBXGroup;
			children = (
				C7F558D92C783DFA0080AC68 /* Shape_ChallengeTests.swift */,
			);
			path = "Shape ChallengeTests";
			sourceTree = "<group>";
		};
		C7F558E22C783DFA0080AC68 /* Shape ChallengeUITests */ = {
			isa = PBXGroup;
			children = (
				C7F558E32C783DFA0080AC68 /* Shape_ChallengeUITests.swift */,
				C7F558E52C783DFA0080AC68 /* Shape_ChallengeUITestsLaunchTests.swift */,
			);
			path = "Shape ChallengeUITests";
			sourceTree = "<group>";
		};
/* End PBXGroup section */

/* Begin PBXNativeTarget section */
		C7F558C32C783DF90080AC68 /* Shape Challenge */ = {
			isa = PBXNativeTarget;
			buildConfigurationList = C7F558E92C783DFA0080AC68 /* Build configuration list for PBXNativeTarget "Shape Challenge" */;
			buildPhases = (
				C7F558C02C783DF90080AC68 /* Sources */,
				C7F558C12C783DF90080AC68 /* Frameworks */,
				C7F558C22C783DF90080AC68 /* Resources */,
			);
			buildRules = (
			);
			dependencies = (
			);
			name = "Shape Challenge";
			productName = "Shape Challenge";
			productReference = C7F558C42C783DF90080AC68 /* Shape Challenge.app */;
			productType = "com.apple.product-type.application";
		};
		C7F558D42C783DFA0080AC68 /* Shape ChallengeTests */ = {
			isa = PBXNativeTarget;
			buildConfigurationList = C7F558EC2C783DFA0080AC68 /* Build configuration list for PBXNativeTarget "Shape ChallengeTests" */;
			buildPhases = (
				C7F558D12C783DFA0080AC68 /* Sources */,
				C7F558D22C783DFA0080AC68 /* Frameworks */,
				C7F558D32C783DFA0080AC68 /* Resources */,
			);
			buildRules = (
			);
			dependencies = (
				C7F558D72C783DFA0080AC68 /* PBXTargetDependency */,
			);
			name = "Shape ChallengeTests";
			productName = "Shape ChallengeTests";
			productReference = C7F558D52C783DFA0080AC68 /* Shape ChallengeTests.xctest */;
			productType = "com.apple.product-type.bundle.unit-test";
		};
		C7F558DE2C783DFA0080AC68 /* Shape ChallengeUITests */ = {
			isa = PBXNativeTarget;
			buildConfigurationList = C7F558EF2C783DFA0080AC68 /* Build configuration list for PBXNativeTarget "Shape ChallengeUITests" */;
			buildPhases = (
				C7F558DB2C783DFA0080AC68 /* Sources */,
				C7F558DC2C783DFA0080AC68 /* Frameworks */,
				C7F558DD2C783DFA0080AC68 /* Resources */,
			);
			buildRules = (
			);
			dependencies = (
				C7F558E12C783DFA0080AC68 /* PBXTargetDependency */,
			);
			name = "Shape ChallengeUITests";
			productName = "Shape ChallengeUITests";
			productReference = C7F558DF2C783DFA0080AC68 /* Shape ChallengeUITests.xctest */;
			productType = "com.apple.product-type.bundle.ui-testing";
		};
/* End PBXNativeTarget section */

/* Begin PBXProject section */
		C7F558BC2C783DF90080AC68 /* Project object */ = {
			isa = PBXProject;
			attributes = {
				BuildIndependentTargetsInParallel = 1;
				LastSwiftUpdateCheck = 1540;
				LastUpgradeCheck = 1540;
				TargetAttributes = {
					C7F558C32C783DF90080AC68 = {
						CreatedOnToolsVersion = 15.4;
					};
					C7F558D42C783DFA0080AC68 = {
						CreatedOnToolsVersion = 15.4;
						TestTargetID = C7F558C32C783DF90080AC68;
					};
					C7F558DE2C783DFA0080AC68 = {
						CreatedOnToolsVersion = 15.4;
						TestTargetID = C7F558C32C783DF90080AC68;
					};
				};
			};
			buildConfigurationList = C7F558BF2C783DF90080AC68 /* Build configuration list for PBXProject "Shape Challenge" */;
			compatibilityVersion = "Xcode 14.0";
			developmentRegion = en;
			hasScannedForEncodings = 0;
			knownRegions = (
				en,
				Base,
			);
			mainGroup = C7F558BB2C783DF90080AC68;
			productRefGroup = C7F558C52C783DF90080AC68 /* Products */;
			projectDirPath = "";
			projectRoot = "";
			targets = (
				C7F558C32C783DF90080AC68 /* Shape Challenge */,
				C7F558D42C783DFA0080AC68 /* Shape ChallengeTests */,
				C7F558DE2C783DFA0080AC68 /* Shape ChallengeUITests */,
			);
		};
/* End PBXProject section */

/* Begin PBXResourcesBuildPhase section */
		C7F558C22C783DF90080AC68 /* Resources */ = {
			isa = PBXResourcesBuildPhase;
			buildActionMask = 2147483647;
			files = (
				C7F558D02C783DFA0080AC68 /* Preview Assets.xcassets in Resources */,
				C7F558CC2C783DFA0080AC68 /* Assets.xcassets in Resources */,
			);
			runOnlyForDeploymentPostprocessing = 0;
		};
		C7F558D32C783DFA0080AC68 /* Resources */ = {
			isa = PBXResourcesBuildPhase;
			buildActionMask = 2147483647;
			files = (
			);
			runOnlyForDeploymentPostprocessing = 0;
		};
		C7F558DD2C783DFA0080AC68 /* Resources */ = {
			isa = PBXResourcesBuildPhase;
			buildActionMask = 2147483647;
			files = (
			);
			runOnlyForDeploymentPostprocessing = 0;
		};
/* End PBXResourcesBuildPhase section */

/* Begin PBXSourcesBuildPhase section */
		C7F558C02C783DF90080AC68 /* Sources */ = {
			isa = PBXSourcesBuildPhase;
			buildActionMask = 2147483647;
			files = (
				C7F558CA2C783DF90080AC68 /* ContentView.swift in Sources */,
				C7F558C82C783DF90080AC68 /* Shape_ChallengeApp.swift in Sources */,
			);
			runOnlyForDeploymentPostprocessing = 0;
		};
		C7F558D12C783DFA0080AC68 /* Sources */ = {
			isa = PBXSourcesBuildPhase;
			buildActionMask = 2147483647;
			files = (
				C7F558DA2C783DFA0080AC68 /* Shape_ChallengeTests.swift in Sources */,
			);
			runOnlyForDeploymentPostprocessing = 0;
		};
		C7F558DB2C783DFA0080AC68 /* Sources */ = {
			isa = PBXSourcesBuildPhase;
			buildActionMask = 2147483647;
			files = (
				C7F558E62C783DFA0080AC68 /* Shape_ChallengeUITestsLaunchTests.swift in Sources */,
				C7F558E42C783DFA0080AC68 /* Shape_ChallengeUITests.swift in Sources */,
			);
			runOnlyForDeploymentPostprocessing = 0;
		};
/* End PBXSourcesBuildPhase section */

/* Begin PBXTargetDependency section */
		C7F558D72C783DFA0080AC68 /* PBXTargetDependency */ = {
			isa = PBXTargetDependency;
			target = C7F558C32C783DF90080AC68 /* Shape Challenge */;
			targetProxy = C7F558D62C783DFA0080AC68 /* PBXContainerItemProxy */;
		};
		C7F558E12C783DFA0080AC68 /* PBXTargetDependency */ = {
			isa = PBXTargetDependency;
			target = C7F558C32C783DF90080AC68 /* Shape Challenge */;
			targetProxy = C7F558E02C783DFA0080AC68 /* PBXContainerItemProxy */;
		};
/* End PBXTargetDependency section */

/* Begin XCBuildConfiguration section */
		C7F558E72C783DFA0080AC68 /* Debug */ = {
			isa = XCBuildConfiguration;
			buildSettings = {
				ALWAYS_SEARCH_USER_PATHS = NO;
				ASSETCATALOG_COMPILER_GENERATE_SWIFT_ASSET_SYMBOL_EXTENSIONS = YES;
				CLANG_ANALYZER_NONNULL = YES;
				CLANG_ANALYZER_NUMBER_OBJECT_CONVERSION = YES_AGGRESSIVE;
				CLANG_CXX_LANGUAGE_STANDARD = "gnu++20";
				CLANG_ENABLE_MODULES = YES;
				CLANG_ENABLE_OBJC_ARC = YES;
				CLANG_ENABLE_OBJC_WEAK = YES;
				CLANG_WARN_BLOCK_CAPTURE_AUTORELEASING = YES;
				CLANG_WARN_BOOL_CONVERSION = YES;
				CLANG_WARN_COMMA = YES;
				CLANG_WARN_CONSTANT_CONVERSION = YES;
				CLANG_WARN_DEPRECATED_OBJC_IMPLEMENTATIONS = YES;
				CLANG_WARN_DIRECT_OBJC_ISA_USAGE = YES_ERROR;
				CLANG_WARN_DOCUMENTATION_COMMENTS = YES;
				CLANG_WARN_EMPTY_BODY = YES;
				CLANG_WARN_ENUM_CONVERSION = YES;
				CLANG_WARN_INFINITE_RECURSION = YES;
				CLANG_WARN_INT_CONVERSION = YES;
				CLANG_WARN_NON_LITERAL_NULL_CONVERSION = YES;
				CLANG_WARN_OBJC_IMPLICIT_RETAIN_SELF = YES;
				CLANG_WARN_OBJC_LITERAL_CONVERSION = YES;
				CLANG_WARN_OBJC_ROOT_CLASS = YES_ERROR;
				CLANG_WARN_QUOTED_INCLUDE_IN_FRAMEWORK_HEADER = YES;
				CLANG_WARN_RANGE_LOOP_ANALYSIS = YES;
				CLANG_WARN_STRICT_PROTOTYPES = YES;
				CLANG_WARN_SUSPICIOUS_MOVE = YES;
				CLANG_WARN_UNGUARDED_AVAILABILITY = YES_AGGRESSIVE;
				CLANG_WARN_UNREACHABLE_CODE = YES;
				CLANG_WARN__DUPLICATE_METHOD_MATCH = YES;
				COPY_PHASE_STRIP = NO;
				DEBUG_INFORMATION_FORMAT = dwarf;
				ENABLE_STRICT_OBJC_MSGSEND = YES;
				ENABLE_TESTABILITY = YES;
				ENABLE_USER_SCRIPT_SANDBOXING = YES;
				GCC_C_LANGUAGE_STANDARD = gnu17;
				GCC_DYNAMIC_NO_PIC = NO;
				GCC_NO_COMMON_BLOCKS = YES;
				GCC_OPTIMIZATION_LEVEL = 0;
				GCC_PREPROCESSOR_DEFINITIONS = (
					"DEBUG=1",
					"$(inherited)",
				);
				GCC_WARN_64_TO_32_BIT_CONVERSION = YES;
				GCC_WARN_ABOUT_RETURN_TYPE = YES_ERROR;
				GCC_WARN_UNDECLARED_SELECTOR = YES;
				GCC_WARN_UNINITIALIZED_AUTOS = YES_AGGRESSIVE;
				GCC_WARN_UNUSED_FUNCTION = YES;
				GCC_WARN_UNUSED_VARIABLE = YES;
				LOCALIZATION_PREFERS_STRING_CATALOGS = YES;
				MTL_ENABLE_DEBUG_INFO = INCLUDE_SOURCE;
				MTL_FAST_MATH = YES;
				ONLY_ACTIVE_ARCH = YES;
				SWIFT_ACTIVE_COMPILATION_CONDITIONS = "DEBUG $(inherited)";
				SWIFT_OPTIMIZATION_LEVEL = "-Onone";
			};
			name = Debug;
		};
		C7F558E82C783DFA0080AC68 /* Release */ = {
			isa = XCBuildConfiguration;
			buildSettings = {
				ALWAYS_SEARCH_USER_PATHS = NO;
				ASSETCATALOG_COMPILER_GENERATE_SWIFT_ASSET_SYMBOL_EXTENSIONS = YES;
				CLANG_ANALYZER_NONNULL = YES;
				CLANG_ANALYZER_NUMBER_OBJECT_CONVERSION = YES_AGGRESSIVE;
				CLANG_CXX_LANGUAGE_STANDARD = "gnu++20";
				CLANG_ENABLE_MODULES = YES;
				CLANG_ENABLE_OBJC_ARC = YES;
				CLANG_ENABLE_OBJC_WEAK = YES;
				CLANG_WARN_BLOCK_CAPTURE_AUTORELEASING = YES;
				CLANG_WARN_BOOL_CONVERSION = YES;
				CLANG_WARN_COMMA = YES;
				CLANG_WARN_CONSTANT_CONVERSION = YES;
				CLANG_WARN_DEPRECATED_OBJC_IMPLEMENTATIONS = YES;
				CLANG_WARN_DIRECT_OBJC_ISA_USAGE = YES_ERROR;
				CLANG_WARN_DOCUMENTATION_COMMENTS = YES;
				CLANG_WARN_EMPTY_BODY = YES;
				CLANG_WARN_ENUM_CONVERSION = YES;
				CLANG_WARN_INFINITE_RECURSION = YES;
				CLANG_WARN_INT_CONVERSION = YES;
				CLANG_WARN_NON_LITERAL_NULL_CONVERSION = YES;
				CLANG_WARN_OBJC_IMPLICIT_RETAIN_SELF = YES;
				CLANG_WARN_OBJC_LITERAL_CONVERSION = YES;
				CLANG_WARN_OBJC_ROOT_CLASS = YES_ERROR;
				CLANG_WARN_QUOTED_INCLUDE_IN_FRAMEWORK_HEADER = YES;
				CLANG_WARN_RANGE_LOOP_ANALYSIS = YES;
				CLANG_WARN_STRICT_PROTOTYPES = YES;
				CLANG_WARN_SUSPICIOUS_MOVE = YES;
				CLANG_WARN_UNGUARDED_AVAILABILITY = YES_AGGRESSIVE;
				CLANG_WARN_UNREACHABLE_CODE = YES;
				CLANG_WARN__DUPLICATE_METHOD_MATCH = YES;
				COPY_PHASE_STRIP = NO;
				DEBUG_INFORMATION_FORMAT = "dwarf-with-dsym";
				ENABLE_NS_ASSERTIONS = NO;
				ENABLE_STRICT_OBJC_MSGSEND = YES;
				ENABLE_USER_SCRIPT_SANDBOXING = YES;
				GCC_C_LANGUAGE_STANDARD = gnu17;
				GCC_NO_COMMON_BLOCKS = YES;
				GCC_WARN_64_TO_32_BIT_CONVERSION = YES;
				GCC_WARN_ABOUT_RETURN_TYPE = YES_ERROR;
				GCC_WARN_UNDECLARED_SELECTOR = YES;
				GCC_WARN_UNINITIALIZED_AUTOS = YES_AGGRESSIVE;
				GCC_WARN_UNUSED_FUNCTION = YES;
				GCC_WARN_UNUSED_VARIABLE = YES;
				LOCALIZATION_PREFERS_STRING_CATALOGS = YES;
				MTL_ENABLE_DEBUG_INFO = NO;
				MTL_FAST_MATH = YES;
				SWIFT_COMPILATION_MODE = wholemodule;
			};
			name = Release;
		};
		C7F558EA2C783DFA0080AC68 /* Debug */ = {
			isa = XCBuildConfiguration;
			buildSettings = {
				ASSETCATALOG_COMPILER_APPICON_NAME = AppIcon;
				ASSETCATALOG_COMPILER_GLOBAL_ACCENT_COLOR_NAME = AccentColor;
				CODE_SIGN_ENTITLEMENTS = "Shape Challenge/Shape_Challenge.entitlements";
				CODE_SIGN_STYLE = Automatic;
				CURRENT_PROJECT_VERSION = 1;
				DEVELOPMENT_ASSET_PATHS = "\"Shape Challenge/Preview Content\"";
				ENABLE_PREVIEWS = YES;
				GENERATE_INFOPLIST_FILE = YES;
				"INFOPLIST_KEY_UIApplicationSceneManifest_Generation[sdk=iphoneos*]" = YES;
				"INFOPLIST_KEY_UIApplicationSceneManifest_Generation[sdk=iphonesimulator*]" = YES;
				"INFOPLIST_KEY_UIApplicationSupportsIndirectInputEvents[sdk=iphoneos*]" = YES;
				"INFOPLIST_KEY_UIApplicationSupportsIndirectInputEvents[sdk=iphonesimulator*]" = YES;
				"INFOPLIST_KEY_UILaunchScreen_Generation[sdk=iphoneos*]" = YES;
				"INFOPLIST_KEY_UILaunchScreen_Generation[sdk=iphonesimulator*]" = YES;
				"INFOPLIST_KEY_UIStatusBarStyle[sdk=iphoneos*]" = UIStatusBarStyleDefault;
				"INFOPLIST_KEY_UIStatusBarStyle[sdk=iphonesimulator*]" = UIStatusBarStyleDefault;
				INFOPLIST_KEY_UISupportedInterfaceOrientations_iPad = "UIInterfaceOrientationPortrait UIInterfaceOrientationPortraitUpsideDown UIInterfaceOrientationLandscapeLeft UIInterfaceOrientationLandscapeRight";
				INFOPLIST_KEY_UISupportedInterfaceOrientations_iPhone = "UIInterfaceOrientationPortrait UIInterfaceOrientationLandscapeLeft UIInterfaceOrientationLandscapeRight";
				IPHONEOS_DEPLOYMENT_TARGET = 17.5;
				LD_RUNPATH_SEARCH_PATHS = "@executable_path/Frameworks";
				"LD_RUNPATH_SEARCH_PATHS[sdk=macosx*]" = "@executable_path/../Frameworks";
				MACOSX_DEPLOYMENT_TARGET = 14.5;
				MARKETING_VERSION = 1.0;
				PRODUCT_BUNDLE_IDENTIFIER = "me.Shape-Challenge";
				PRODUCT_NAME = "$(TARGET_NAME)";
				SDKROOT = auto;
				SUPPORTED_PLATFORMS = "iphoneos iphonesimulator macosx";
				SWIFT_EMIT_LOC_STRINGS = YES;
				SWIFT_VERSION = 5.0;
				TARGETED_DEVICE_FAMILY = "1,2";
			};
			name = Debug;
		};
		C7F558EB2C783DFA0080AC68 /* Release */ = {
			isa = XCBuildConfiguration;
			buildSettings = {
				ASSETCATALOG_COMPILER_APPICON_NAME = AppIcon;
				ASSETCATALOG_COMPILER_GLOBAL_ACCENT_COLOR_NAME = AccentColor;
				CODE_SIGN_ENTITLEMENTS = "Shape Challenge/Shape_Challenge.entitlements";
				CODE_SIGN_STYLE = Automatic;
				CURRENT_PROJECT_VERSION = 1;
				DEVELOPMENT_ASSET_PATHS = "\"Shape Challenge/Preview Content\"";
				ENABLE_PREVIEWS = YES;
				GENERATE_INFOPLIST_FILE = YES;
				"INFOPLIST_KEY_UIApplicationSceneManifest_Generation[sdk=iphoneos*]" = YES;
				"INFOPLIST_KEY_UIApplicationSceneManifest_Generation[sdk=iphonesimulator*]" = YES;
				"INFOPLIST_KEY_UIApplicationSupportsIndirectInputEvents[sdk=iphoneos*]" = YES;
				"INFOPLIST_KEY_UIApplicationSupportsIndirectInputEvents[sdk=iphonesimulator*]" = YES;
				"INFOPLIST_KEY_UILaunchScreen_Generation[sdk=iphoneos*]" = YES;
				"INFOPLIST_KEY_UILaunchScreen_Generation[sdk=iphonesimulator*]" = YES;
				"INFOPLIST_KEY_UIStatusBarStyle[sdk=iphoneos*]" = UIStatusBarStyleDefault;
				"INFOPLIST_KEY_UIStatusBarStyle[sdk=iphonesimulator*]" = UIStatusBarStyleDefault;
				INFOPLIST_KEY_UISupportedInterfaceOrientations_iPad = "UIInterfaceOrientationPortrait UIInterfaceOrientationPortraitUpsideDown UIInterfaceOrientationLandscapeLeft UIInterfaceOrientationLandscapeRight";
				INFOPLIST_KEY_UISupportedInterfaceOrientations_iPhone = "UIInterfaceOrientationPortrait UIInterfaceOrientationLandscapeLeft UIInterfaceOrientationLandscapeRight";
				IPHONEOS_DEPLOYMENT_TARGET = 17.5;
				LD_RUNPATH_SEARCH_PATHS = "@executable_path/Frameworks";
				"LD_RUNPATH_SEARCH_PATHS[sdk=macosx*]" = "@executable_path/../Frameworks";
				MACOSX_DEPLOYMENT_TARGET = 14.5;
				MARKETING_VERSION = 1.0;
				PRODUCT_BUNDLE_IDENTIFIER = "me.Shape-Challenge";
				PRODUCT_NAME = "$(TARGET_NAME)";
				SDKROOT = auto;
				SUPPORTED_PLATFORMS = "iphoneos iphonesimulator macosx";
				SWIFT_EMIT_LOC_STRINGS = YES;
				SWIFT_VERSION = 5.0;
				TARGETED_DEVICE_FAMILY = "1,2";
			};
			name = Release;
		};
		C7F558ED2C783DFA0080AC68 /* Debug */ = {
			isa = XCBuildConfiguration;
			buildSettings = {
				ALWAYS_EMBED_SWIFT_STANDARD_LIBRARIES = YES;
				BUNDLE_LOADER = "$(TEST_HOST)";
				CODE_SIGN_STYLE = Automatic;
				CURRENT_PROJECT_VERSION = 1;
				GENERATE_INFOPLIST_FILE = YES;
				IPHONEOS_DEPLOYMENT_TARGET = 17.5;
				MACOSX_DEPLOYMENT_TARGET = 14.5;
				MARKETING_VERSION = 1.0;
				PRODUCT_BUNDLE_IDENTIFIER = "me.Shape-ChallengeTests";
				PRODUCT_NAME = "$(TARGET_NAME)";
				SDKROOT = auto;
				SUPPORTED_PLATFORMS = "iphoneos iphonesimulator macosx";
				SWIFT_EMIT_LOC_STRINGS = NO;
				SWIFT_VERSION = 5.0;
				TARGETED_DEVICE_FAMILY = "1,2";
				TEST_HOST = "$(BUILT_PRODUCTS_DIR)/Shape Challenge.app/$(BUNDLE_EXECUTABLE_FOLDER_PATH)/Shape Challenge";
			};
			name = Debug;
		};
		C7F558EE2C783DFA0080AC68 /* Release */ = {
			isa = XCBuildConfiguration;
			buildSettings = {
				ALWAYS_EMBED_SWIFT_STANDARD_LIBRARIES = YES;
				BUNDLE_LOADER = "$(TEST_HOST)";
				CODE_SIGN_STYLE = Automatic;
				CURRENT_PROJECT_VERSION = 1;
				GENERATE_INFOPLIST_FILE = YES;
				IPHONEOS_DEPLOYMENT_TARGET = 17.5;
				MACOSX_DEPLOYMENT_TARGET = 14.5;
				MARKETING_VERSION = 1.0;
				PRODUCT_BUNDLE_IDENTIFIER = "me.Shape-ChallengeTests";
				PRODUCT_NAME = "$(TARGET_NAME)";
				SDKROOT = auto;
				SUPPORTED_PLATFORMS = "iphoneos iphonesimulator macosx";
				SWIFT_EMIT_LOC_STRINGS = NO;
				SWIFT_VERSION = 5.0;
				TARGETED_DEVICE_FAMILY = "1,2";
				TEST_HOST = "$(BUILT_PRODUCTS_DIR)/Shape Challenge.app/$(BUNDLE_EXECUTABLE_FOLDER_PATH)/Shape Challenge";
			};
			name = Release;
		};
		C7F558F02C783DFA0080AC68 /* Debug */ = {
			isa = XCBuildConfiguration;
			buildSettings = {
				ALWAYS_EMBED_SWIFT_STANDARD_LIBRARIES = YES;
				CODE_SIGN_STYLE = Automatic;
				CURRENT_PROJECT_VERSION = 1;
				GENERATE_INFOPLIST_FILE = YES;
				IPHONEOS_DEPLOYMENT_TARGET = 17.5;
				MACOSX_DEPLOYMENT_TARGET = 14.5;
				MARKETING_VERSION = 1.0;
				PRODUCT_BUNDLE_IDENTIFIER = "me.Shape-ChallengeUITests";
				PRODUCT_NAME = "$(TARGET_NAME)";
				SDKROOT = auto;
				SUPPORTED_PLATFORMS = "iphoneos iphonesimulator macosx";
				SWIFT_EMIT_LOC_STRINGS = NO;
				SWIFT_VERSION = 5.0;
				TARGETED_DEVICE_FAMILY = "1,2";
				TEST_TARGET_NAME = "Shape Challenge";
			};
			name = Debug;
		};
		C7F558F12C783DFA0080AC68 /* Release */ = {
			isa = XCBuildConfiguration;
			buildSettings = {
				ALWAYS_EMBED_SWIFT_STANDARD_LIBRARIES = YES;
				CODE_SIGN_STYLE = Automatic;
				CURRENT_PROJECT_VERSION = 1;
				GENERATE_INFOPLIST_FILE = YES;
				IPHONEOS_DEPLOYMENT_TARGET = 17.5;
				MACOSX_DEPLOYMENT_TARGET = 14.5;
				MARKETING_VERSION = 1.0;
				PRODUCT_BUNDLE_IDENTIFIER = "me.Shape-ChallengeUITests";
				PRODUCT_NAME = "$(TARGET_NAME)";
				SDKROOT = auto;
				SUPPORTED_PLATFORMS = "iphoneos iphonesimulator macosx";
				SWIFT_EMIT_LOC_STRINGS = NO;
				SWIFT_VERSION = 5.0;
				TARGETED_DEVICE_FAMILY = "1,2";
				TEST_TARGET_NAME = "Shape Challenge";
			};
			name = Release;
		};
/* End XCBuildConfiguration section */

/* Begin XCConfigurationList section */
		C7F558BF2C783DF90080AC68 /* Build configuration list for PBXProject "Shape Challenge" */ = {
			isa = XCConfigurationList;
			buildConfigurations = (
				C7F558E72C783DFA0080AC68 /* Debug */,
				C7F558E82C783DFA0080AC68 /* Release */,
			);
			defaultConfigurationIsVisible = 0;
			defaultConfigurationName = Release;
		};
		C7F558E92C783DFA0080AC68 /* Build configuration list for PBXNativeTarget "Shape Challenge" */ = {
			isa = XCConfigurationList;
			buildConfigurations = (
				C7F558EA2C783DFA0080AC68 /* Debug */,
				C7F558EB2C783DFA0080AC68 /* Release */,
			);
			defaultConfigurationIsVisible = 0;
			defaultConfigurationName = Release;
		};
		C7F558EC2C783DFA0080AC68 /* Build configuration list for PBXNativeTarget "Shape ChallengeTests" */ = {
			isa = XCConfigurationList;
			buildConfigurations = (
				C7F558ED2C783DFA0080AC68 /* Debug */,
				C7F558EE2C783DFA0080AC68 /* Release */,
			);
			defaultConfigurationIsVisible = 0;
			defaultConfigurationName = Release;
		};
		C7F558EF2C783DFA0080AC68 /* Build configuration list for PBXNativeTarget "Shape ChallengeUITests" */ = {
			isa = XCConfigurationList;
			buildConfigurations = (
				C7F558F02C783DFA0080AC68 /* Debug */,
				C7F558F12C783DFA0080AC68 /* Release */,
			);
			defaultConfigurationIsVisible = 0;
			defaultConfigurationName = Release;
		};
/* End XCConfigurationList section */
	};
	rootObject = C7F558BC2C783DF90080AC68 /* Project object */;
}
